
Microsoft Visual Studio Solution File, Format Version 11.00
# Visual Studio 2010
Project("{FAE04EC0-301F-11D3-BF4B-00C04F79EFBC}") = "Chip8Emulator", "Chip8Emulator\Chip8Emulator.csproj", "{C578CB1C-D6CC-4628-9F16-BC646DFDA8F0}"
EndProject
Global
	GlobalSection(SolutionConfigurationPlatforms) = preSolution
		Debug|x86 = Debug|x86
		Release|x86 = Release|x86
	EndGlobalSection
	GlobalSection(ProjectConfigurationPlatforms) = postSolution
		{C578CB1C-D6CC-4628-9F16-BC646DFDA8F0}.Debug|x86.ActiveCfg = Debug|x86
		{C578CB1C-D6CC-4628-9F16-BC646DFDA8F0}.Debug|x86.Build.0 = Debug|x86
		{C578CB1C-D6CC-4628-9F16-BC646DFDA8F0}.Release|x86.ActiveCfg = Release|x86
		{C578CB1C-D6CC-4628-9F16-BC646DFDA8F0}.Release|x86.Build.0 = Release|x86
	EndGlobalSection
	GlobalSection(SolutionProperties) = preSolution
		HideSolutionNode = FALSE
	EndGlobalSection
EndGlobal
